[[package]]
category = "main"
description = "Asynchronous console and interfaces for asyncio"
name = "aioconsole"
optional = false
python-versions = "*"
version = "0.1.15"

[[package]]
category = "main"
description = "Async http client/server framework (asyncio)"
name = "aiohttp"
optional = false
python-versions = ">=3.5.3"
version = "3.5.4"

[package.dependencies]
async-timeout = ">=3.0,<4.0"
attrs = ">=17.3.0"
chardet = ">=2.0,<4.0"
multidict = ">=4.0,<5.0"
yarl = ">=1.0,<2.0"

[package.extras]
speedups = ["aiodns", "brotlipy", "cchardet"]

[[package]]
category = "main"
description = "Timeout context manager for asyncio programs"
name = "async-timeout"
optional = false
python-versions = ">=3.5.3"
version = "3.0.1"

[[package]]
category = "main"
description = "Classes Without Boilerplate"
name = "attrs"
optional = false
python-versions = ">=2.7, !=3.0.*, !=3.1.*, !=3.2.*, !=3.3.*"
version = "19.3.0"

[package.extras]
azure-pipelines = ["coverage", "hypothesis", "pympler", "pytest (>=4.3.0)", "six", "zope.interface", "pytest-azurepipelines"]
dev = ["coverage", "hypothesis", "pympler", "pytest (>=4.3.0)", "six", "zope.interface", "sphinx", "pre-commit"]
docs = ["sphinx", "zope.interface"]
tests = ["coverage", "hypothesis", "pympler", "pytest (>=4.3.0)", "six", "zope.interface"]

[[package]]
category = "main"
description = "A thin, practical wrapper around terminal coloring, styling, and positioning"
name = "blessings"
optional = false
python-versions = ">=2.7, !=3.0.*, !=3.1.*, !=3.2.*, !=3.3.*"
version = "1.7"

[package.dependencies]
six = "*"

[[package]]
category = "main"
description = "Universal encoding detector for Python 2 and 3"
name = "chardet"
optional = false
python-versions = "*"
version = "3.0.4"

[[package]]
category = "main"
description = "Composable command line interface toolkit"
name = "click"
optional = false
python-versions = ">=2.7, !=3.0.*, !=3.1.*, !=3.2.*, !=3.3.*"
version = "7.0"

[[package]]
category = "main"
description = "Cross-platform colored terminal text."
marker = "sys_platform == \"win32\""
name = "colorama"
optional = false
python-versions = ">=2.7, !=3.0.*, !=3.1.*, !=3.2.*, !=3.3.*"
version = "0.4.1"

[[package]]
category = "main"
description = "Colored terminal output for Python's logging module"
name = "coloredlogs"
optional = false
python-versions = "*"
version = "10.0"

[package.dependencies]
colorama = "*"
humanfriendly = ">=4.7"

[package.extras]
cron = ["capturer (>=2.4)"]

[[package]]
category = "main"
description = "A python wrapper for the Discord API"
name = "discord.py"
optional = false
python-versions = ">=3.5.3"
version = "1.2.5"

[package.dependencies]
aiohttp = ">=3.3.0,<3.6.0"
websockets = ">=6.0,<7.0"

[package.extras]
docs = ["sphinx (1.7.4)", "sphinxcontrib-asyncio", "sphinxcontrib-websupport"]
voice = ["PyNaCl (1.3.0)"]

[[package]]
category = "main"
description = "Human friendly output for text interfaces using Python"
name = "humanfriendly"
optional = false
python-versions = "*"
version = "4.18"

[package.dependencies]
pyreadline = "*"

[[package]]
category = "main"
description = "Internationalized Domain Names in Applications (IDNA)"
name = "idna"
optional = false
python-versions = ">=2.7, !=3.0.*, !=3.1.*, !=3.2.*, !=3.3.*"
version = "2.8"

[[package]]
category = "main"
description = "multidict implementation"
name = "multidict"
optional = false
python-versions = ">=3.5"
version = "4.6.0"

[[package]]
category = "main"
description = "A python implmementation of GNU readline."
marker = "sys_platform == \"win32\""
name = "pyreadline"
optional = false
python-versions = "*"
version = "2.1"

[[package]]
category = "main"
description = "Python 2 and 3 compatibility utilities"
name = "six"
optional = false
python-versions = ">=2.6, !=3.0.*, !=3.1.*"
version = "1.13.0"

[[package]]
category = "main"
description = "Python Library for Tom's Obvious, Minimal Language"
name = "toml"
optional = false
python-versions = "*"
version = "0.10.0"

[[package]]
category = "main"
description = "An implementation of the WebSocket Protocol (RFC 6455 & 7692)"
name = "websockets"
optional = false
python-versions = ">=3.4"
version = "6.0"

[[package]]
category = "main"
description = "Yet another URL library"
name = "yarl"
optional = false
python-versions = ">=3.5.3"
version = "1.3.0"

[package.dependencies]
idna = ">=2.0"
multidict = ">=4.0"

[metadata]
content-hash = "de6613ed7cd3847014c6754ebf9171d4bda8beaa6757911beaf0be2deae67940"
python-versions = "^3.7"

[metadata.files]
aioconsole = [
    {file = "aioconsole-0.1.15.tar.gz", hash = "sha256:498e567805b74c1ecf4501d28e48727e8e77af8d6a0b8f1b7aa9a4842e02743d"},
]
aiohttp = [
    {file = "aiohttp-3.5.4-cp35-cp35m-macosx_10_10_x86_64.whl", hash = "sha256:199f1d106e2b44b6dacdf6f9245493c7d716b01d0b7fbe1959318ba4dc64d1f5"},
    {file = "aiohttp-3.5.4-cp35-cp35m-macosx_10_11_x86_64.whl", hash = "sha256:0155af66de8c21b8dba4992aaeeabf55503caefae00067a3b1139f86d0ec50ed"},
    {file = "aiohttp-3.5.4-cp35-cp35m-macosx_10_13_x86_64.whl", hash = "sha256:cc619d974c8c11fe84527e4b5e1c07238799a8c29ea1c1285149170524ba9303"},
    {file = "aiohttp-3.5.4-cp35-cp35m-manylinux1_i686.whl", hash = "sha256:09654a9eca62d1bd6d64aa44db2498f60a5c1e0ac4750953fdd79d5c88955e10"},
    {file = "aiohttp-3.5.4-cp35-cp35m-manylinux1_x86_64.whl", hash = "sha256:629102a193162e37102c50713e2e31dc9a2fe7ac5e481da83e5bb3c0cee700aa"},
    {file = "aiohttp-3.5.4-cp35-cp35m-win32.whl", hash = "sha256:acc89b29b5f4e2332d65cd1b7d10c609a75b88ef8925d487a611ca788432dfa4"},
    {file = "aiohttp-3.5.4-cp35-cp35m-win_amd64.whl", hash = "sha256:a25237abf327530d9561ef751eef9511ab56fd9431023ca6f4803f1994104d72"},
    {file = "aiohttp-3.5.4-cp36-cp36m-macosx_10_10_x86_64.whl", hash = "sha256:87331d1d6810214085a50749160196391a712a13336cd02ce1c3ea3d05bcf8d5"},
    {file = "aiohttp-3.5.4-cp36-cp36m-macosx_10_11_x86_64.whl", hash = "sha256:a5cbd7157b0e383738b8e29d6e556fde8726823dae0e348952a61742b21aeb12"},
    {file = "aiohttp-3.5.4-cp36-cp36m-macosx_10_13_x86_64.whl", hash = "sha256:9cddaff94c0135ee627213ac6ca6d05724bfe6e7a356e5e09ec57bd3249510f6"},
    {file = "aiohttp-3.5.4-cp36-cp36m-manylinux1_i686.whl", hash = "sha256:d4392defd4648badaa42b3e101080ae3313e8f4787cb517efd3f5b8157eaefd6"},
    {file = "aiohttp-3.5.4-cp36-cp36m-manylinux1_x86_64.whl", hash = "sha256:c2bec436a2b5dafe5eaeb297c03711074d46b6eb236d002c13c42f25c4a8ce9d"},
    {file = "aiohttp-3.5.4-cp36-cp36m-win32.whl", hash = "sha256:296f30dedc9f4b9e7a301e5cc963012264112d78a1d3094cd83ef148fdf33ca1"},
    {file = "aiohttp-3.5.4-cp36-cp36m-win_amd64.whl", hash = "sha256:9a02a04bbe581c8605ac423ba3a74999ec9d8bce7ae37977a3d38680f5780b6d"},
    {file = "aiohttp-3.5.4-cp37-cp37m-macosx_10_10_x86_64.whl", hash = "sha256:b05bd85cc99b06740aad3629c2585bda7b83bd86e080b44ba47faf905fdf1300"},
    {file = "aiohttp-3.5.4-cp37-cp37m-macosx_10_11_x86_64.whl", hash = "sha256:40d7ea570b88db017c51392349cf99b7aefaaddd19d2c78368aeb0bddde9d390"},
    {file = "aiohttp-3.5.4-cp37-cp37m-macosx_10_13_x86_64.whl", hash = "sha256:a97a516e02b726e089cffcde2eea0d3258450389bbac48cbe89e0f0b6e7b0366"},
    {file = "aiohttp-3.5.4-cp37-cp37m-manylinux1_i686.whl", hash = "sha256:e1c3c582ee11af7f63a34a46f0448fca58e59889396ffdae1f482085061a2889"},
    {file = "aiohttp-3.5.4-cp37-cp37m-manylinux1_x86_64.whl", hash = "sha256:00d198585474299c9c3b4f1d5de1a576cc230d562abc5e4a0e81d71a20a6ca55"},
    {file = "aiohttp-3.5.4-cp37-cp37m-win32.whl", hash = "sha256:6d5ec9b8948c3d957e75ea14d41e9330e1ac3fed24ec53766c780f82805140dc"},
    {file = "aiohttp-3.5.4-cp37-cp37m-win_amd64.whl", hash = "sha256:368ed312550bd663ce84dc4b032a962fcb3c7cae099dbbd48663afc305e3b939"},
    {file = "aiohttp-3.5.4.tar.gz", hash = "sha256:9c4c83f4fa1938377da32bc2d59379025ceeee8e24b89f72fcbccd8ca22dc9bf"},
]
async-timeout = [
    {file = "async-timeout-3.0.1.tar.gz", hash = "sha256:0c3c816a028d47f659d6ff5c745cb2acf1f966da1fe5c19c77a70282b25f4c5f"},
    {file = "async_timeout-3.0.1-py3-none-any.whl", hash = "sha256:4291ca197d287d274d0b6cb5d6f8f8f82d434ed288f962539ff18cc9012f9ea3"},
]
attrs = [
    {file = "attrs-19.3.0-py2.py3-none-any.whl", hash = "sha256:08a96c641c3a74e44eb59afb61a24f2cb9f4d7188748e76ba4bb5edfa3cb7d1c"},
    {file = "attrs-19.3.0.tar.gz", hash = "sha256:f7b7ce16570fe9965acd6d30101a28f62fb4a7f9e926b3bbc9b61f8b04247e72"},
]
blessings = [
    {file = "blessings-1.7-py2-none-any.whl", hash = "sha256:caad5211e7ba5afe04367cdd4cfc68fa886e2e08f6f35e76b7387d2109ccea6e"},
    {file = "blessings-1.7-py3-none-any.whl", hash = "sha256:b1fdd7e7a675295630f9ae71527a8ebc10bfefa236b3d6aa4932ee4462c17ba3"},
    {file = "blessings-1.7.tar.gz", hash = "sha256:98e5854d805f50a5b58ac2333411b0482516a8210f23f43308baeb58d77c157d"},
]
chardet = [
    {file = "chardet-3.0.4-py2.py3-none-any.whl", hash = "sha256:fc323ffcaeaed0e0a02bf4d117757b98aed530d9ed4531e3e15460124c106691"},
    {file = "chardet-3.0.4.tar.gz", hash = "sha256:84ab92ed1c4d4f16916e05906b6b75a6c0fb5db821cc65e70cbd64a3e2a5eaae"},
]
click = [
    {file = "Click-7.0-py2.py3-none-any.whl", hash = "sha256:2335065e6395b9e67ca716de5f7526736bfa6ceead690adf616d925bdc622b13"},
    {file = "Click-7.0.tar.gz", hash = "sha256:5b94b49521f6456670fdb30cd82a4eca9412788a93fa6dd6df72c94d5a8ff2d7"},
]
colorama = [
    {file = "colorama-0.4.1-py2.py3-none-any.whl", hash = "sha256:f8ac84de7840f5b9c4e3347b3c1eaa50f7e49c2b07596221daec5edaabbd7c48"},
    {file = "colorama-0.4.1.tar.gz", hash = "sha256:05eed71e2e327246ad6b38c540c4a3117230b19679b875190486ddd2d721422d"},
]
coloredlogs = [
    {file = "coloredlogs-10.0-py2.py3-none-any.whl", hash = "sha256:34fad2e342d5a559c31b6c889e8d14f97cb62c47d9a2ae7b5ed14ea10a79eff8"},
    {file = "coloredlogs-10.0.tar.gz", hash = "sha256:b869a2dda3fa88154b9dd850e27828d8755bfab5a838a1c97fbc850c6e377c36"},
]
"discord.py" = [
    {file = "discord.py-1.2.5-py3-none-any.whl", hash = "sha256:7c843b523bb011062b453864e75c7b675a03faf573c58d14c9f096e85984329d"},
]
humanfriendly = [
    {file = "humanfriendly-4.18-py2.py3-none-any.whl", hash = "sha256:23057b10ad6f782e7bc3a20e3cb6768ab919f619bbdc0dd75691121bbde5591d"},
    {file = "humanfriendly-4.18.tar.gz", hash = "sha256:33ee8ceb63f1db61cce8b5c800c531e1a61023ac5488ccde2ba574a85be00a85"},
]
idna = [
    {file = "idna-2.8-py2.py3-none-any.whl", hash = "sha256:ea8b7f6188e6fa117537c3df7da9fc686d485087abf6ac197f9c46432f7e4a3c"},
    {file = "idna-2.8.tar.gz", hash = "sha256:c357b3f628cf53ae2c4c05627ecc484553142ca23264e593d327bcde5e9c3407"},
]
multidict = [
    {file = "multidict-4.6.0-cp35-cp35m-macosx_10_13_x86_64.whl", hash = "sha256:ee2a54a197392752ca1bcd9cdb0e2a96fdefe2f0e029b2c09b72e03197c88a52"},
    {file = "multidict-4.6.0-cp35-cp35m-manylinux1_x86_64.whl", hash = "sha256:56b6d68a491884878f71a9e26cb97938be079676fb085f8918b5c04341d32fcc"},
    {file = "multidict-4.6.0-cp35-cp35m-win32.whl", hash = "sha256:e74cbadef9c961152c765f64efe959c8051d9fcfb89f18bcdf1fdd6e60facfc7"},
    {file = "multidict-4.6.0-cp35-cp35m-win_amd64.whl", hash = "sha256:f83cb1ca64da2c3793a3b18998008f451e6898fc07efd44567855378d84251ae"},
    {file = "multidict-4.6.0-cp36-cp36m-macosx_10_13_x86_64.whl", hash = "sha256:fb1274ca2fc7a510b85b07923c54ffd2186b8043e191b2b791f9b578a8609504"},
    {file = "multidict-4.6.0-cp36-cp36m-manylinux1_x86_64.whl", hash = "sha256:08f00f616e4353dcdc0d099f36a41ec97246bf21f8c47bcdc0dded2f7d19a504"},
    {file = "multidict-4.6.0-cp36-cp36m-win32.whl", hash = "sha256:eef66d45b31a6419c6ba35a782fcb5c34ffffc92d7a551e56ff30a2000640d8d"},
    {file = "multidict-4.6.0-cp36-cp36m-win_amd64.whl", hash = "sha256:8f36da9daa09442ce948a62920dd07db79cbfec7e3bbf59aafbf1074cf12a1e6"},
    {file = "multidict-4.6.0-cp37-cp37m-macosx_10_13_x86_64.whl", hash = "sha256:9190079aba47b54332bbcc45076c920622178f8df46e518bdbbfdf248c263947"},
    {file = "multidict-4.6.0-cp37-cp37m-manylinux1_x86_64.whl", hash = "sha256:79eb0e87345581ee54517aa992a7ba712992cc49365ebe8dee8941deff8f05fa"},
    {file = "multidict-4.6.0-cp37-cp37m-win32.whl", hash = "sha256:92c2a0ca7eaac81fd666f62a9020ad076c98b49e2176c1687b00ea736c7f5470"},
    {file = "multidict-4.6.0-cp37-cp37m-win_amd64.whl", hash = "sha256:b949a2c80136aec1b5b68538924c12e13f37f26d10f0ca54ff2cce84368ff8cc"},
    {file = "multidict-4.6.0-cp38-cp38-macosx_10_13_x86_64.whl", hash = "sha256:38dc36421645832935221f7e59fb6a28e4b46a8964afe4bcebaf571990cca71d"},
    {file = "multidict-4.6.0-cp38-cp38-manylinux1_x86_64.whl", hash = "sha256:a832c84e304ccb14dd49c28c04c944700fe6223c6ec3a0a7cb939c54b9c79e1d"},
    {file = "multidict-4.6.0-cp38-cp38-win32.whl", hash = "sha256:8a8a2d751d6819c78f34e9b0585b6a4bdba48419b974ea4da1f18266f4bf58be"},
    {file = "multidict-4.6.0-cp38-cp38-win_amd64.whl", hash = "sha256:b0949bffd86aa640d3ad7c5dfc87b472097b9de44ff7c00f790eba4e5233f44f"},
    {file = "multidict-4.6.0.tar.gz", hash = "sha256:56fb5c003ef5d7b0d4957fe2d36fc29df16e56667ef78ee2a5bc5379c874fff0"},
]
pyreadline = [
    {file = "pyreadline-2.1.win-amd64.exe", hash = "sha256:9ce5fa65b8992dfa373bddc5b6e0864ead8f291c94fbfec05fbd5c836162e67b"},
    {file = "pyreadline-2.1.win32.exe", hash = "sha256:65540c21bfe14405a3a77e4c085ecfce88724743a4ead47c66b84defcf82c32e"},
    {file = "pyreadline-2.1.zip", hash = "sha256:4530592fc2e85b25b1a9f79664433da09237c1a270e4d78ea5aa3a2c7229e2d1"},
]
six = [
    {file = "six-1.13.0-py2.py3-none-any.whl", hash = "sha256:1f1b7d42e254082a9db6279deae68afb421ceba6158efa6131de7b3003ee93fd"},
    {file = "six-1.13.0.tar.gz", hash = "sha256:30f610279e8b2578cab6db20741130331735c781b56053c59c4076da27f06b66"},
]
toml = [
    {file = "toml-0.10.0-py2.7.egg", hash = "sha256:f1db651f9657708513243e61e6cc67d101a39bad662eaa9b5546f789338e07a3"},
    {file = "toml-0.10.0-py2.py3-none-any.whl", hash = "sha256:235682dd292d5899d361a811df37e04a8828a5b1da3115886b73cf81ebc9100e"},
    {file = "toml-0.10.0.tar.gz", hash = "sha256:229f81c57791a41d65e399fc06bf0848bab550a9dfd5ed66df18ce5f05e73d5c"},
]
websockets = [
    {file = "websockets-6.0-cp34-cp34m-macosx_10_6_intel.whl", hash = "sha256:e02e57346f6a68523e3c43bbdf35dde5c440318d1f827208ae455f6a2ace446d"},
    {file = "websockets-6.0-cp34-cp34m-manylinux1_i686.whl", hash = "sha256:cb998bd4d93af46b8b49ecf5a72c0a98e5cc6d57fdca6527ba78ad89d6606484"},
    {file = "websockets-6.0-cp34-cp34m-manylinux1_x86_64.whl", hash = "sha256:99ac266af38ba1b1fe13975aea01ac0e14bb5f3a3200d2c69f05385768b8568e"},
    {file = "websockets-6.0-cp34-cp34m-win32.whl", hash = "sha256:f1414e6cbcea8d22843e7eafdfdfae3dd1aba41d1945f6ca66e4806c07c4f454"},
    {file = "websockets-6.0-cp34-cp34m-win_amd64.whl", hash = "sha256:9fa122e7adb24232247f8a89f2d9070bf64b7869daf93ac5e19546b409e47e96"},
    {file = "websockets-6.0-cp35-cp35m-macosx_10_6_intel.whl", hash = "sha256:5c1f55a1274df9d6a37553fef8cff2958515438c58920897675c9bc70f5a0538"},
    {file = "websockets-6.0-cp35-cp35m-manylinux1_i686.whl", hash = "sha256:6b2e03d69afa8d20253455e67b64de1a82ff8612db105113cccec35d3f8429f0"},
    {file = "websockets-6.0-cp35-cp35m-manylinux1_x86_64.whl", hash = "sha256:5a1fa6072405648cb5b3688e9ed3b94be683ce4a4e5723e6f5d34859dee495c1"},
    {file = "websockets-6.0-cp35-cp35m-win32.whl", hash = "sha256:79ca7cdda7ad4e3663ea3c43bfa8637fc5d5604c7737f19a8964781abbd1148d"},
    {file = "websockets-6.0-cp35-cp35m-win_amd64.whl", hash = "sha256:2a16dac282b2fdae75178d0ed3d5b9bc3258dabfae50196cbb30578d84b6f6a6"},
    {file = "websockets-6.0-cp36-cp36m-macosx_10_6_intel.whl", hash = "sha256:952be9540d83dba815569d5cb5f31708801e0bbfc3a8c5aef1890b57ed7e58bf"},
    {file = "websockets-6.0-cp36-cp36m-manylinux1_i686.whl", hash = "sha256:82c0354ac39379d836719a77ee360ef865377aa6fdead87909d50248d0f05f4d"},
    {file = "websockets-6.0-cp36-cp36m-manylinux1_x86_64.whl", hash = "sha256:91ec98640220ae05b34b79ee88abf27f97ef7c61cf525eec57ea8fcea9f7dddb"},
    {file = "websockets-6.0-cp36-cp36m-win32.whl", hash = "sha256:7fd2dd9a856f72e6ed06f82facfce01d119b88457cd4b47b7ae501e8e11eba9c"},
    {file = "websockets-6.0-cp36-cp36m-win_amd64.whl", hash = "sha256:ee55eb6bcf23ecc975e6b47c127c201b913598f38b6a300075f84eeef2d3baff"},
    {file = "websockets-6.0-cp37-cp37m-macosx_10_6_intel.whl", hash = "sha256:695e34c4dbea18d09ab2c258994a8bf6a09564e762655408241f6a14592d2908"},
    {file = "websockets-6.0-cp37-cp37m-manylinux1_i686.whl", hash = "sha256:e79a5a896bcee7fff24a788d72e5c69f13e61369d055f28113e71945a7eb1559"},
    {file = "websockets-6.0-cp37-cp37m-manylinux1_x86_64.whl", hash = "sha256:669d1e46f165e0ad152ed8197f7edead22854a6c90419f544e0f234cc9dac6c4"},
    {file = "websockets-6.0-cp37-cp37m-win32.whl", hash = "sha256:0e2f7d6567838369af074f0ef4d0b802d19fa1fee135d864acc656ceefa33136"},
    {file = "websockets-6.0-cp37-cp37m-win_amd64.whl", hash = "sha256:a0873eadc4b8ca93e2e848d490809e0123eea154aa44ecd0109c4d0171869584"},
    {file = "websockets-6.0.tar.gz", hash = "sha256:8f3b956d11c5b301206382726210dc1d3bee1a9ccf7aadf895aaf31f71c3716c"},
]
yarl = [
    {file = "yarl-1.3.0-cp35-cp35m-manylinux1_i686.whl", hash = "sha256:3e2724eb9af5dc41648e5bb304fcf4891adc33258c6e14e2a7414ea32541e320"},
    {file = "yarl-1.3.0-cp35-cp35m-manylinux1_x86_64.whl", hash = "sha256:3890ab952d508523ef4881457c4099056546593fa05e93da84c7250516e632eb"},
    {file = "yarl-1.3.0-cp35-cp35m-win32.whl", hash = "sha256:7ab825726f2940c16d92aaec7d204cfc34ac26c0040da727cf8ba87255a33829"},
    {file = "yarl-1.3.0-cp35-cp35m-win_amd64.whl", hash = "sha256:b25de84a8c20540531526dfbb0e2d2b648c13fd5dd126728c496d7c3fea33310"},
    {file = "yarl-1.3.0-cp36-cp36m-manylinux1_i686.whl", hash = "sha256:2f3010703295fbe1aec51023740871e64bb9664c789cba5a6bdf404e93f7568f"},
    {file = "yarl-1.3.0-cp36-cp36m-manylinux1_x86_64.whl", hash = "sha256:5badb97dd0abf26623a9982cd448ff12cb39b8e4c94032ccdedf22ce01a64842"},
    {file = "yarl-1.3.0-cp36-cp36m-win32.whl", hash = "sha256:c9bb7c249c4432cd47e75af3864bc02d26c9594f49c82e2a28624417f0ae63b8"},
    {file = "yarl-1.3.0-cp36-cp36m-win_amd64.whl", hash = "sha256:c6e341f5a6562af74ba55205dbd56d248daf1b5748ec48a0200ba227bb9e33f4"},
    {file = "yarl-1.3.0-cp37-cp37m-win32.whl", hash = "sha256:e060906c0c585565c718d1c3841747b61c5439af2211e185f6739a9412dfbde1"},
    {file = "yarl-1.3.0-cp37-cp37m-win_amd64.whl", hash = "sha256:73f447d11b530d860ca1e6b582f947688286ad16ca42256413083d13f260b7a0"},
    {file = "yarl-1.3.0.tar.gz", hash = "sha256:024ecdc12bc02b321bc66b41327f930d1c2c543fa9a561b39861da9388ba7aa9"},
]
